
Microsoft Visual Studio Solution File, Format Version 12.00
# Visual Studio Version 16
VisualStudioVersion = 16.0.30011.22
MinimumVisualStudioVersion = 10.0.40219.1
Project("{FAE04EC0-301F-11D3-BF4B-00C04F79EFBC}") = "COLEGIO", "COLEGIO.csproj", "{498AB02E-58BA-49AB-B004-D841CF201A54}"
EndProject
Global
	GlobalSection(SolutionConfigurationPlatforms) = preSolution
		Debug|Any CPU = Debug|Any CPU
		Release|Any CPU = Release|Any CPU
	EndGlobalSection
	GlobalSection(ProjectConfigurationPlatforms) = postSolution
		{498AB02E-58BA-49AB-B004-D841CF201A54}.Debug|Any CPU.ActiveCfg = Debug|Any CPU
		{498AB02E-58BA-49AB-B004-D841CF201A54}.Debug|Any CPU.Build.0 = Debug|Any CPU
		{498AB02E-58BA-49AB-B004-D841CF201A54}.Release|Any CPU.ActiveCfg = Release|Any CPU
		{498AB02E-58BA-49AB-B004-D841CF201A54}.Release|Any CPU.Build.0 = Release|Any CPU
	EndGlobalSection
	GlobalSection(SolutionProperties) = preSolution
		HideSolutionNode = FALSE
	EndGlobalSection
	GlobalSection(ExtensibilityGlobals) = postSolution
		SolutionGuid = {1787BE46-8B2D-4468-A448-843A8E5EA5DF}
	EndGlobalSection
EndGlobal
